// !$*UTF8*$!
{
	archiveVersion = 1;
	classes = {
	};
	objectVersion = 46;
	objects = {

/* Begin PBXBuildFile section */
		BF5262C91DAE4031003E75C9 /* AppDelegate.swift in Sources */ = {isa = PBXBuildFile; fileRef = BF5262C81DAE4031003E75C9 /* AppDelegate.swift */; };
		BF5262CB1DAE4031003E75C9 /* ViewController.swift in Sources */ = {isa = PBXBuildFile; fileRef = BF5262CA1DAE4031003E75C9 /* ViewController.swift */; };
		BF5262CD1DAE4031003E75C9 /* Assets.xcassets in Resources */ = {isa = PBXBuildFile; fileRef = BF5262CC1DAE4031003E75C9 /* Assets.xcassets */; };
		BF5262D01DAE4031003E75C9 /* Main.storyboard in Resources */ = {isa = PBXBuildFile; fileRef = BF5262CE1DAE4031003E75C9 /* Main.storyboard */; };
		BFFD0FD01DB015C000C55911 /* ITunesController.m in Sources */ = {isa = PBXBuildFile; fileRef = BFFD0FCF1DB015C000C55911 /* ITunesController.m */; };
/* End PBXBuildFile section */

/* Begin PBXFileReference section */
		BF5262C51DAE4031003E75C9 /* iTunesLyrics.app */ = {isa = PBXFileReference; explicitFileType = wrapper.application; includeInIndex = 0; path = iTunesLyrics.app; sourceTree = BUILT_PRODUCTS_DIR; };
		BF5262C81DAE4031003E75C9 /* AppDelegate.swift */ = {isa = PBXFileReference; lastKnownFileType = sourcecode.swift; path = AppDelegate.swift; sourceTree = "<group>"; };
		BF5262CA1DAE4031003E75C9 /* ViewController.swift */ = {isa = PBXFileReference; lastKnownFileType = sourcecode.swift; path = ViewController.swift; sourceTree = "<group>"; };
		BF5262CC1DAE4031003E75C9 /* Assets.xcassets */ = {isa = PBXFileReference; lastKnownFileType = folder.assetcatalog; path = Assets.xcassets; sourceTree = "<group>"; };
		BF5262CF1DAE4031003E75C9 /* Base */ = {isa = PBXFileReference; lastKnownFileType = file.storyboard; name = Base; path = Base.lproj/Main.storyboard; sourceTree = "<group>"; };
		BF5262D11DAE4031003E75C9 /* Info.plist */ = {isa = PBXFileReference; lastKnownFileType = text.plist.xml; path = Info.plist; sourceTree = "<group>"; };
		BF5262D71DAE4054003E75C9 /* iTunesLyrics-Bridging-Header.h */ = {isa = PBXFileReference; lastKnownFileType = sourcecode.c.h; path = "iTunesLyrics-Bridging-Header.h"; sourceTree = "<group>"; };
		BFFD0FCD1DB015AD00C55911 /* iTunes.h */ = {isa = PBXFileReference; lastKnownFileType = sourcecode.c.h; name = iTunes.h; path = external/iTunes.h; sourceTree = "<group>"; };
		BFFD0FCE1DB015C000C55911 /* iTunesController.h */ = {isa = PBXFileReference; fileEncoding = 4; lastKnownFileType = sourcecode.c.h; name = iTunesController.h; path = iTunesLyrics/iTunesController.h; sourceTree = "<group>"; };
		BFFD0FCF1DB015C000C55911 /* ITunesController.m */ = {isa = PBXFileReference; fileEncoding = 4; lastKnownFileType = sourcecode.c.objc; name = ITunesController.m; path = iTunesLyrics/ITunesController.m; sourceTree = "<group>"; };
/* End PBXFileReference section */

/* Begin PBXFrameworksBuildPhase section */
		BF5262C21DAE4031003E75C9 /* Frameworks */ = {
			isa = PBXFrameworksBuildPhase;
			buildActionMask = 2147483647;
			files = (
			);
			runOnlyForDeploymentPostprocessing = 0;
		};
/* End PBXFrameworksBuildPhase section */

/* Begin PBXGroup section */
		BF5262BC1DAE4031003E75C9 = {
			isa = PBXGroup;
			children = (
				BF5262DC1DAE405A003E75C9 /* iTunes Scripting Bridge (Objective C) */,
				BF5262C71DAE4031003E75C9 /* iTunesLyrics */,
				BF5262C61DAE4031003E75C9 /* Products */,
				BF5262D71DAE4054003E75C9 /* iTunesLyrics-Bridging-Header.h */,
			);
			sourceTree = "<group>";
		};
		BF5262C61DAE4031003E75C9 /* Products */ = {
			isa = PBXGroup;
			children = (
				BF5262C51DAE4031003E75C9 /* iTunesLyrics.app */,
			);
			name = Products;
			sourceTree = "<group>";
		};
		BF5262C71DAE4031003E75C9 /* iTunesLyrics */ = {
			isa = PBXGroup;
			children = (
				BF5262C81DAE4031003E75C9 /* AppDelegate.swift */,
				BF5262CA1DAE4031003E75C9 /* ViewController.swift */,
				BF5262CC1DAE4031003E75C9 /* Assets.xcassets */,
				BF5262CE1DAE4031003E75C9 /* Main.storyboard */,
				BF5262D11DAE4031003E75C9 /* Info.plist */,
			);
			path = iTunesLyrics;
			sourceTree = "<group>";
		};
		BF5262DC1DAE405A003E75C9 /* iTunes Scripting Bridge (Objective C) */ = {
			isa = PBXGroup;
			children = (
				BFFD0FCD1DB015AD00C55911 /* iTunes.h */,
				BFFD0FCE1DB015C000C55911 /* iTunesController.h */,
				BFFD0FCF1DB015C000C55911 /* ITunesController.m */,
			);
			name = "iTunes Scripting Bridge (Objective C)";
			sourceTree = "<group>";
		};
/* End PBXGroup section */

/* Begin PBXNativeTarget section */
		BF5262C41DAE4031003E75C9 /* iTunesLyrics */ = {
			isa = PBXNativeTarget;
			buildConfigurationList = BF5262D41DAE4031003E75C9 /* Build configuration list for PBXNativeTarget "iTunesLyrics" */;
			buildPhases = (
				BF5262C11DAE4031003E75C9 /* Sources */,
				BF5262C21DAE4031003E75C9 /* Frameworks */,
				BF5262C31DAE4031003E75C9 /* Resources */,
			);
			buildRules = (
			);
			dependencies = (
			);
			name = iTunesLyrics;
			productName = iTunesLyrics;
			productReference = BF5262C51DAE4031003E75C9 /* iTunesLyrics.app */;
			productType = "com.apple.product-type.application";
		};
/* End PBXNativeTarget section */

/* Begin PBXProject section */
		BF5262BD1DAE4031003E75C9 /* Project object */ = {
			isa = PBXProject;
			attributes = {
				LastSwiftUpdateCheck = 0800;
				LastUpgradeCheck = 0800;
				ORGANIZATIONNAME = "Jimmy Sinn";
				TargetAttributes = {
					BF5262C41DAE4031003E75C9 = {
						CreatedOnToolsVersion = 8.0;
						DevelopmentTeam = QK3TW3E6N3;
						LastSwiftMigration = 0800;
						ProvisioningStyle = Automatic;
					};
				};
			};
			buildConfigurationList = BF5262C01DAE4031003E75C9 /* Build configuration list for PBXProject "iTunesLyrics" */;
			compatibilityVersion = "Xcode 3.2";
			developmentRegion = English;
			hasScannedForEncodings = 0;
			knownRegions = (
				en,
				Base,
			);
			mainGroup = BF5262BC1DAE4031003E75C9;
			productRefGroup = BF5262C61DAE4031003E75C9 /* Products */;
			projectDirPath = "";
			projectRoot = "";
			targets = (
				BF5262C41DAE4031003E75C9 /* iTunesLyrics */,
			);
		};
/* End PBXProject section */

/* Begin PBXResourcesBuildPhase section */
		BF5262C31DAE4031003E75C9 /* Resources */ = {
			isa = PBXResourcesBuildPhase;
			buildActionMask = 2147483647;
			files = (
				BF5262CD1DAE4031003E75C9 /* Assets.xcassets in Resources */,
				BF5262D01DAE4031003E75C9 /* Main.storyboard in Resources */,
			);
			runOnlyForDeploymentPostprocessing = 0;
		};
/* End PBXResourcesBuildPhase section */

/* Begin PBXSourcesBuildPhase section */
		BF5262C11DAE4031003E75C9 /* Sources */ = {
			isa = PBXSourcesBuildPhase;
			buildActionMask = 2147483647;
			files = (
				BF5262CB1DAE4031003E75C9 /* ViewController.swift in Sources */,
				BFFD0FD01DB015C000C55911 /* ITunesController.m in Sources */,
				BF5262C91DAE4031003E75C9 /* AppDelegate.swift in Sources */,
			);
			runOnlyForDeploymentPostprocessing = 0;
		};
/* End PBXSourcesBuildPhase section */

/* Begin PBXVariantGroup section */
		BF5262CE1DAE4031003E75C9 /* Main.storyboard */ = {
			isa = PBXVariantGroup;
			children = (
				BF5262CF1DAE4031003E75C9 /* Base */,
			);
			name = Main.storyboard;
			sourceTree = "<group>";
		};
/* End PBXVariantGroup section */

/* Begin XCBuildConfiguration section */
		BF5262D21DAE4031003E75C9 /* Debug */ = {
			isa = XCBuildConfiguration;
			buildSettings = {
				ALWAYS_SEARCH_USER_PATHS = NO;
				CLANG_ANALYZER_NONNULL = YES;
				CLANG_CXX_LANGUAGE_STANDARD = "gnu++0x";
				CLANG_CXX_LIBRARY = "libc++";
				CLANG_ENABLE_MODULES = YES;
				CLANG_ENABLE_OBJC_ARC = YES;
				CLANG_WARN_BOOL_CONVERSION = YES;
				CLANG_WARN_CONSTANT_CONVERSION = YES;
				CLANG_WARN_DIRECT_OBJC_ISA_USAGE = YES_ERROR;
				CLANG_WARN_DOCUMENTATION_COMMENTS = YES;
				CLANG_WARN_EMPTY_BODY = YES;
				CLANG_WARN_ENUM_CONVERSION = YES;
				CLANG_WARN_INFINITE_RECURSION = YES;
				CLANG_WARN_INT_CONVERSION = YES;
				CLANG_WARN_OBJC_ROOT_CLASS = YES_ERROR;
				CLANG_WARN_SUSPICIOUS_MOVES = YES;
				CLANG_WARN_UNREACHABLE_CODE = YES;
				CLANG_WARN__DUPLICATE_METHOD_MATCH = YES;
				CODE_SIGN_IDENTITY = "-";
				COPY_PHASE_STRIP = NO;
				DEBUG_INFORMATION_FORMAT = dwarf;
				ENABLE_STRICT_OBJC_MSGSEND = YES;
				ENABLE_TESTABILITY = YES;
				GCC_C_LANGUAGE_STANDARD = gnu99;
				GCC_DYNAMIC_NO_PIC = NO;
				GCC_NO_COMMON_BLOCKS = YES;
				GCC_OPTIMIZATION_LEVEL = 0;
				GCC_PREPROCESSOR_DEFINITIONS = (
					"DEBUG=1",
					"$(inherited)",
				);
				GCC_WARN_64_TO_32_BIT_CONVERSION = YES;
				GCC_WARN_ABOUT_RETURN_TYPE = YES_ERROR;
				GCC_WARN_UNDECLARED_SELECTOR = YES;
				GCC_WARN_UNINITIALIZED_AUTOS = YES_AGGRESSIVE;
				GCC_WARN_UNUSED_FUNCTION = YES;
				GCC_WARN_UNUSED_VARIABLE = YES;
				MACOSX_DEPLOYMENT_TARGET = 10.12;
				MTL_ENABLE_DEBUG_INFO = YES;
				ONLY_ACTIVE_ARCH = YES;
				SDKROOT = macosx;
				SWIFT_ACTIVE_COMPILATION_CONDITIONS = DEBUG;
				SWIFT_OPTIMIZATION_LEVEL = "-Onone";
			};
			name = Debug;
		};
		BF5262D31DAE4031003E75C9 /* Release */ = {
			isa = XCBuildConfiguration;
			buildSettings = {
				ALWAYS_SEARCH_USER_PATHS = NO;
				CLANG_ANALYZER_NONNULL = YES;
				CLANG_CXX_LANGUAGE_STANDARD = "gnu++0x";
				CLANG_CXX_LIBRARY = "libc++";
				CLANG_ENABLE_MODULES = YES;
				CLANG_ENABLE_OBJC_ARC = YES;
				CLANG_WARN_BOOL_CONVERSION = YES;
				CLANG_WARN_CONSTANT_CONVERSION = YES;
				CLANG_WARN_DIRECT_OBJC_ISA_USAGE = YES_ERROR;
				CLANG_WARN_DOCUMENTATION_COMMENTS = YES;
				CLANG_WARN_EMPTY_BODY = YES;
				CLANG_WARN_ENUM_CONVERSION = YES;
				CLANG_WARN_INFINITE_RECURSION = YES;
				CLANG_WARN_INT_CONVERSION = YES;
				CLANG_WARN_OBJC_ROOT_CLASS = YES_ERROR;
				CLANG_WARN_SUSPICIOUS_MOVES = YES;
				CLANG_WARN_UNREACHABLE_CODE = YES;
				CLANG_WARN__DUPLICATE_METHOD_MATCH = YES;
				CODE_SIGN_IDENTITY = "-";
				COPY_PHASE_STRIP = NO;
				DEBUG_INFORMATION_FORMAT = "dwarf-with-dsym";
				ENABLE_NS_ASSERTIONS = NO;
				ENABLE_STRICT_OBJC_MSGSEND = YES;
				GCC_C_LANGUAGE_STANDARD = gnu99;
				GCC_NO_COMMON_BLOCKS = YES;
				GCC_WARN_64_TO_32_BIT_CONVERSION = YES;
				GCC_WARN_ABOUT_RETURN_TYPE = YES_ERROR;
				GCC_WARN_UNDECLARED_SELECTOR = YES;
				GCC_WARN_UNINITIALIZED_AUTOS = YES_AGGRESSIVE;
				GCC_WARN_UNUSED_FUNCTION = YES;
				GCC_WARN_UNUSED_VARIABLE = YES;
				MACOSX_DEPLOYMENT_TARGET = 10.12;
				MTL_ENABLE_DEBUG_INFO = NO;
				SDKROOT = macosx;
				SWIFT_OPTIMIZATION_LEVEL = "-Owholemodule";
			};
			name = Release;
		};
		BF5262D51DAE4031003E75C9 /* Debug */ = {
			isa = XCBuildConfiguration;
			buildSettings = {
				ASSETCATALOG_COMPILER_APPICON_NAME = AppIcon;
				CLANG_ENABLE_MODULES = YES;
				COMBINE_HIDPI_IMAGES = YES;
				DEVELOPMENT_TEAM = QK3TW3E6N3;
				INFOPLIST_FILE = iTunesLyrics/Info.plist;
				LD_RUNPATH_SEARCH_PATHS = "$(inherited) @executable_path/../Frameworks";
				PRODUCT_BUNDLE_IDENTIFIER = jimmysinn.iTunesLyrics;
				PRODUCT_NAME = "$(TARGET_NAME)";
				SWIFT_OBJC_BRIDGING_HEADER = "iTunesLyrics-Bridging-Header.h";
				SWIFT_OPTIMIZATION_LEVEL = "-Onone";
				SWIFT_VERSION = 3.0;
			};
			name = Debug;
		};
		BF5262D61DAE4031003E75C9 /* Release */ = {
			isa = XCBuildConfiguration;
			buildSettings = {
				ASSETCATALOG_COMPILER_APPICON_NAME = AppIcon;
				CLANG_ENABLE_MODULES = YES;
				COMBINE_HIDPI_IMAGES = YES;
				DEVELOPMENT_TEAM = QK3TW3E6N3;
				INFOPLIST_FILE = iTunesLyrics/Info.plist;
				LD_RUNPATH_SEARCH_PATHS = "$(inherited) @executable_path/../Frameworks";
				PRODUCT_BUNDLE_IDENTIFIER = jimmysinn.iTunesLyrics;
				PRODUCT_NAME = "$(TARGET_NAME)";
				SWIFT_OBJC_BRIDGING_HEADER = "iTunesLyrics-Bridging-Header.h";
				SWIFT_VERSION = 3.0;
			};
			name = Release;
		};
/* End XCBuildConfiguration section */

/* Begin XCConfigurationList section */
		BF5262C01DAE4031003E75C9 /* Build configuration list for PBXProject "iTunesLyrics" */ = {
			isa = XCConfigurationList;
			buildConfigurations = (
				BF5262D21DAE4031003E75C9 /* Debug */,
				BF5262D31DAE4031003E75C9 /* Release */,
			);
			defaultConfigurationIsVisible = 0;
			defaultConfigurationName = Release;
		};
		BF5262D41DAE4031003E75C9 /* Build configuration list for PBXNativeTarget "iTunesLyrics" */ = {
			isa = XCConfigurationList;
			buildConfigurations = (
				BF5262D51DAE4031003E75C9 /* Debug */,
				BF5262D61DAE4031003E75C9 /* Release */,
			);
			defaultConfigurationIsVisible = 0;
			defaultConfigurationName = Release;
		};
/* End XCConfigurationList section */
	};
	rootObject = BF5262BD1DAE4031003E75C9 /* Project object */;
}
